
Microsoft Visual Studio Solution File, Format Version 12.00
# Visual Studio Version 17
VisualStudioVersion = 17.9.34728.123
MinimumVisualStudioVersion = 10.0.40219.1
Project("{2150E333-8FDC-42A3-9474-1A3956D46DE8}") = "Triangles", "Triangles", "{88541C74-D5B0-4BF3-B1C3-574CA86BE3E1}"
EndProject
Project("{2150E333-8FDC-42A3-9474-1A3956D46DE8}") = "Shaders", "Shaders", "{37029FA1-50B2-46B1-83E7-2699C7A80D9E}"
EndProject
Project("{2150E333-8FDC-42A3-9474-1A3956D46DE8}") = "Textures", "Textures", "{5496DF55-7B4C-4E34-A592-41BD5D27F3B6}"
EndProject
Project("{2150E333-8FDC-42A3-9474-1A3956D46DE8}") = "Transformations", "Transformations", "{BDD30A50-FD32-41A2-A410-84D4B900B3E0}"
EndProject
Project("{2150E333-8FDC-42A3-9474-1A3956D46DE8}") = "CoordinateSystems", "CoordinateSystems", "{07B63188-B532-44E9-A2FC-68812E6F4DD7}"
EndProject
Project("{2150E333-8FDC-42A3-9474-1A3956D46DE8}") = "Camera", "Camera", "{78BF7D5D-DD1F-4BF8-98A1-678ACE4E1D88}"
EndProject
Project("{2150E333-8FDC-42A3-9474-1A3956D46DE8}") = "Colors", "Colors", "{87832062-C036-422C-8281-F0D6469E2756}"
EndProject
Project("{2150E333-8FDC-42A3-9474-1A3956D46DE8}") = "BasicLighting", "BasicLighting", "{B2F6B559-570F-4D17-B348-7D79EB3F651D}"
EndProject
Project("{2150E333-8FDC-42A3-9474-1A3956D46DE8}") = "Materials", "Materials", "{A089ACD2-7E8C-4172-95A8-9777AB3DD03B}"
EndProject
Project("{2150E333-8FDC-42A3-9474-1A3956D46DE8}") = "LightingMaps", "LightingMaps", "{E09080BE-EAF4-4D69-87AE-C50C27C59A03}"
EndProject
Project("{2150E333-8FDC-42A3-9474-1A3956D46DE8}") = "LightCasters", "LightCasters", "{C2FC4CC6-D60A-4712-8F12-4B592096E9BD}"
EndProject
Project("{2150E333-8FDC-42A3-9474-1A3956D46DE8}") = "MultipleLights", "MultipleLights", "{90CB9A59-17D5-4547-A9BD-DA7746EEE4E6}"
EndProject
Project("{8BC9CEB8-8B4A-11D0-8D11-00A0C91BC942}") = "MultipleLights", "Builds\MultipleLights\MultipleLights\MultipleLights.vcxproj", "{8E832A95-BA8B-4752-B532-FA3E4AA705CA}"
EndProject
Project("{8BC9CEB8-8B4A-11D0-8D11-00A0C91BC942}") = "AmbientLighting", "Builds\BasicLighting\AmbientLighting\AmbientLighting.vcxproj", "{4BCFF302-D03D-44EF-AB1C-FF38CA082238}"
EndProject
Project("{8BC9CEB8-8B4A-11D0-8D11-00A0C91BC942}") = "DiffuseLighting", "Builds\BasicLighting\DiffuseLighting\DiffuseLighting.vcxproj", "{8E8922BE-4000-436E-8BB7-E28336AC8DE7}"
EndProject
Project("{8BC9CEB8-8B4A-11D0-8D11-00A0C91BC942}") = "SpecularHighlight", "Builds\BasicLighting\SpecularHighlight\SpecularHighlight.vcxproj", "{EF3F3A8B-480B-452B-BFD7-1D8507B59AD5}"
EndProject
Project("{8BC9CEB8-8B4A-11D0-8D11-00A0C91BC942}") = "Camera", "Builds\Camera\Camera\Camera.vcxproj", "{F2C28EC1-DD5E-431B-B8A6-0B170DC7E7F1}"
EndProject
Project("{8BC9CEB8-8B4A-11D0-8D11-00A0C91BC942}") = "MoveFreely", "Builds\Camera\MoveFreely\MoveFreely.vcxproj", "{86438766-1A29-4AD7-BE6F-F902A1D2FEA8}"
EndProject
Project("{8BC9CEB8-8B4A-11D0-8D11-00A0C91BC942}") = "MoveView", "Builds\Camera\MoveView\MoveView.vcxproj", "{26A1D87F-AFB7-46E8-BFC4-D01E3B8CB446}"
EndProject
Project("{8BC9CEB8-8B4A-11D0-8D11-00A0C91BC942}") = "ColorLight", "Builds\Colors\ColorLight\ColorLight.vcxproj", "{CA83348A-C459-4ABE-912E-698661364723}"
EndProject
Project("{8BC9CEB8-8B4A-11D0-8D11-00A0C91BC942}") = "Cubes", "Builds\CoordinateSystems\Cubes\Cubes.vcxproj", "{77E4E705-E6E2-4F6A-8A16-DBC6C5AC6827}"
EndProject
Project("{8BC9CEB8-8B4A-11D0-8D11-00A0C91BC942}") = "MultipleCubes", "Builds\CoordinateSystems\MultipleCubes\MultipleCubes.vcxproj", "{5534622F-38E2-4637-AC99-ECB2A3D58785}"
EndProject
Project("{8BC9CEB8-8B4A-11D0-8D11-00A0C91BC942}") = "Space3D", "Builds\CoordinateSystems\Space3D\Space3D.vcxproj", "{13364A02-7FA8-4837-B5A7-36AD3A99E0EF}"
EndProject
Project("{8BC9CEB8-8B4A-11D0-8D11-00A0C91BC942}") = "DirectionLight", "Builds\LightCasters\DirectionLight\DirectionLight.vcxproj", "{53E9ED8E-DD04-4AB1-A604-E3364B3DBBAB}"
EndProject
Project("{8BC9CEB8-8B4A-11D0-8D11-00A0C91BC942}") = "PointLight", "Builds\LightCasters\PointLight\PointLight.vcxproj", "{8F4B0E26-706B-4920-A60B-5D91006842FE}"
EndProject
Project("{8BC9CEB8-8B4A-11D0-8D11-00A0C91BC942}") = "SoftenSpotLight", "Builds\LightCasters\SoftenSpotLight\SoftenSpotLight.vcxproj", "{FF02F443-D688-4970-BEF4-B6B8E8AFEF8E}"
EndProject
Project("{8BC9CEB8-8B4A-11D0-8D11-00A0C91BC942}") = "SpotLight", "Builds\LightCasters\SpotLight\SpotLight.vcxproj", "{308F879A-68C4-4902-9DC6-10FA543CFE1F}"
EndProject
Project("{8BC9CEB8-8B4A-11D0-8D11-00A0C91BC942}") = "DiffuseMap", "Builds\LightingMaps\DiffuseMap\DiffuseMap.vcxproj", "{F8B72A4C-BD29-4FAD-85E8-F8792411057A}"
EndProject
Project("{8BC9CEB8-8B4A-11D0-8D11-00A0C91BC942}") = "SpecularHighMap", "Builds\LightingMaps\SpecularHighMap\SpecularHighMap.vcxproj", "{58AD200E-5A16-4CF4-89F3-E2CAB7C8F44B}"
EndProject
Project("{8BC9CEB8-8B4A-11D0-8D11-00A0C91BC942}") = "Material", "Builds\Materials\Material\Material.vcxproj", "{63055153-3CF6-43C9-AA76-FF9B6D808364}"
EndProject
Project("{8BC9CEB8-8B4A-11D0-8D11-00A0C91BC942}") = "ShaderColor", "Builds\Shaders\ShaderColor\ShaderColor.vcxproj", "{DC90E9C4-4FCB-4514-8945-A026B3474A0C}"
EndProject
Project("{8BC9CEB8-8B4A-11D0-8D11-00A0C91BC942}") = "ShaderUniform", "Builds\Shaders\ShaderUniform\ShaderUniform.vcxproj", "{FDF17D38-0C78-4294-9797-AABBCF591BF2}"
EndProject
Project("{8BC9CEB8-8B4A-11D0-8D11-00A0C91BC942}") = "ShaderUser", "Builds\Shaders\ShaderUser\ShaderUser.vcxproj", "{94F8C555-5A5C-4377-9DA3-E3239E6F493B}"
EndProject
Project("{8BC9CEB8-8B4A-11D0-8D11-00A0C91BC942}") = "TextureSub", "Builds\Textures\TextureSub\TextureSub.vcxproj", "{0A0A3E60-AEBA-4D33-A22C-96A943654DEE}"
EndProject
Project("{8BC9CEB8-8B4A-11D0-8D11-00A0C91BC942}") = "TextureWall", "Builds\Textures\TextureWall\TextureWall.vcxproj", "{BC053266-A62E-4F9D-8A2C-35C1D72DDA82}"
EndProject
Project("{8BC9CEB8-8B4A-11D0-8D11-00A0C91BC942}") = "Transformations", "Builds\Transformations\Transformations\Transformations.vcxproj", "{CBDE482A-AB89-4C2F-AA4D-475CB8E1A8C7}"
EndProject
Project("{8BC9CEB8-8B4A-11D0-8D11-00A0C91BC942}") = "Triangle1", "Builds\Triangles\Triangle1\Triangle1.vcxproj", "{EA03512E-0E84-4724-803A-09D86A29BC6B}"
EndProject
Project("{8BC9CEB8-8B4A-11D0-8D11-00A0C91BC942}") = "Triangle2", "Builds\Triangles\Triangle2\Triangle2.vcxproj", "{2F178F46-1F93-47DA-8452-C75A076B971F}"
EndProject
Project("{8BC9CEB8-8B4A-11D0-8D11-00A0C91BC942}") = "LearnOpenGL0", "Builds\LearnOpenGL\LearnOpenGL0\LearnOpenGL.vcxproj", "{1A41DE0B-E9CA-4D2D-A677-6E89C500F0DE}"
EndProject
Global
	GlobalSection(SolutionConfigurationPlatforms) = preSolution
		Debug|x64 = Debug|x64
		Debug|x86 = Debug|x86
		Release|x64 = Release|x64
		Release|x86 = Release|x86
	EndGlobalSection
	GlobalSection(ProjectConfigurationPlatforms) = postSolution
		{8E832A95-BA8B-4752-B532-FA3E4AA705CA}.Debug|x64.ActiveCfg = Debug|x64
		{8E832A95-BA8B-4752-B532-FA3E4AA705CA}.Debug|x64.Build.0 = Debug|x64
		{8E832A95-BA8B-4752-B532-FA3E4AA705CA}.Debug|x86.ActiveCfg = Debug|Win32
		{8E832A95-BA8B-4752-B532-FA3E4AA705CA}.Debug|x86.Build.0 = Debug|Win32
		{8E832A95-BA8B-4752-B532-FA3E4AA705CA}.Release|x64.ActiveCfg = Release|x64
		{8E832A95-BA8B-4752-B532-FA3E4AA705CA}.Release|x64.Build.0 = Release|x64
		{8E832A95-BA8B-4752-B532-FA3E4AA705CA}.Release|x86.ActiveCfg = Release|Win32
		{8E832A95-BA8B-4752-B532-FA3E4AA705CA}.Release|x86.Build.0 = Release|Win32
		{4BCFF302-D03D-44EF-AB1C-FF38CA082238}.Debug|x64.ActiveCfg = Debug|x64
		{4BCFF302-D03D-44EF-AB1C-FF38CA082238}.Debug|x64.Build.0 = Debug|x64
		{4BCFF302-D03D-44EF-AB1C-FF38CA082238}.Debug|x86.ActiveCfg = Debug|Win32
		{4BCFF302-D03D-44EF-AB1C-FF38CA082238}.Debug|x86.Build.0 = Debug|Win32
		{4BCFF302-D03D-44EF-AB1C-FF38CA082238}.Release|x64.ActiveCfg = Release|x64
		{4BCFF302-D03D-44EF-AB1C-FF38CA082238}.Release|x64.Build.0 = Release|x64
		{4BCFF302-D03D-44EF-AB1C-FF38CA082238}.Release|x86.ActiveCfg = Release|Win32
		{4BCFF302-D03D-44EF-AB1C-FF38CA082238}.Release|x86.Build.0 = Release|Win32
		{8E8922BE-4000-436E-8BB7-E28336AC8DE7}.Debug|x64.ActiveCfg = Debug|x64
		{8E8922BE-4000-436E-8BB7-E28336AC8DE7}.Debug|x64.Build.0 = Debug|x64
		{8E8922BE-4000-436E-8BB7-E28336AC8DE7}.Debug|x86.ActiveCfg = Debug|Win32
		{8E8922BE-4000-436E-8BB7-E28336AC8DE7}.Debug|x86.Build.0 = Debug|Win32
		{8E8922BE-4000-436E-8BB7-E28336AC8DE7}.Release|x64.ActiveCfg = Release|x64
		{8E8922BE-4000-436E-8BB7-E28336AC8DE7}.Release|x64.Build.0 = Release|x64
		{8E8922BE-4000-436E-8BB7-E28336AC8DE7}.Release|x86.ActiveCfg = Release|Win32
		{8E8922BE-4000-436E-8BB7-E28336AC8DE7}.Release|x86.Build.0 = Release|Win32
		{EF3F3A8B-480B-452B-BFD7-1D8507B59AD5}.Debug|x64.ActiveCfg = Debug|x64
		{EF3F3A8B-480B-452B-BFD7-1D8507B59AD5}.Debug|x64.Build.0 = Debug|x64
		{EF3F3A8B-480B-452B-BFD7-1D8507B59AD5}.Debug|x86.ActiveCfg = Debug|Win32
		{EF3F3A8B-480B-452B-BFD7-1D8507B59AD5}.Debug|x86.Build.0 = Debug|Win32
		{EF3F3A8B-480B-452B-BFD7-1D8507B59AD5}.Release|x64.ActiveCfg = Release|x64
		{EF3F3A8B-480B-452B-BFD7-1D8507B59AD5}.Release|x64.Build.0 = Release|x64
		{EF3F3A8B-480B-452B-BFD7-1D8507B59AD5}.Release|x86.ActiveCfg = Release|Win32
		{EF3F3A8B-480B-452B-BFD7-1D8507B59AD5}.Release|x86.Build.0 = Release|Win32
		{F2C28EC1-DD5E-431B-B8A6-0B170DC7E7F1}.Debug|x64.ActiveCfg = Debug|x64
		{F2C28EC1-DD5E-431B-B8A6-0B170DC7E7F1}.Debug|x64.Build.0 = Debug|x64
		{F2C28EC1-DD5E-431B-B8A6-0B170DC7E7F1}.Debug|x86.ActiveCfg = Debug|Win32
		{F2C28EC1-DD5E-431B-B8A6-0B170DC7E7F1}.Debug|x86.Build.0 = Debug|Win32
		{F2C28EC1-DD5E-431B-B8A6-0B170DC7E7F1}.Release|x64.ActiveCfg = Release|x64
		{F2C28EC1-DD5E-431B-B8A6-0B170DC7E7F1}.Release|x64.Build.0 = Release|x64
		{F2C28EC1-DD5E-431B-B8A6-0B170DC7E7F1}.Release|x86.ActiveCfg = Release|Win32
		{F2C28EC1-DD5E-431B-B8A6-0B170DC7E7F1}.Release|x86.Build.0 = Release|Win32
		{86438766-1A29-4AD7-BE6F-F902A1D2FEA8}.Debug|x64.ActiveCfg = Debug|x64
		{86438766-1A29-4AD7-BE6F-F902A1D2FEA8}.Debug|x64.Build.0 = Debug|x64
		{86438766-1A29-4AD7-BE6F-F902A1D2FEA8}.Debug|x86.ActiveCfg = Debug|Win32
		{86438766-1A29-4AD7-BE6F-F902A1D2FEA8}.Debug|x86.Build.0 = Debug|Win32
		{86438766-1A29-4AD7-BE6F-F902A1D2FEA8}.Release|x64.ActiveCfg = Release|x64
		{86438766-1A29-4AD7-BE6F-F902A1D2FEA8}.Release|x64.Build.0 = Release|x64
		{86438766-1A29-4AD7-BE6F-F902A1D2FEA8}.Release|x86.ActiveCfg = Release|Win32
		{86438766-1A29-4AD7-BE6F-F902A1D2FEA8}.Release|x86.Build.0 = Release|Win32
		{26A1D87F-AFB7-46E8-BFC4-D01E3B8CB446}.Debug|x64.ActiveCfg = Debug|x64
		{26A1D87F-AFB7-46E8-BFC4-D01E3B8CB446}.Debug|x64.Build.0 = Debug|x64
		{26A1D87F-AFB7-46E8-BFC4-D01E3B8CB446}.Debug|x86.ActiveCfg = Debug|Win32
		{26A1D87F-AFB7-46E8-BFC4-D01E3B8CB446}.Debug|x86.Build.0 = Debug|Win32
		{26A1D87F-AFB7-46E8-BFC4-D01E3B8CB446}.Release|x64.ActiveCfg = Release|x64
		{26A1D87F-AFB7-46E8-BFC4-D01E3B8CB446}.Release|x64.Build.0 = Release|x64
		{26A1D87F-AFB7-46E8-BFC4-D01E3B8CB446}.Release|x86.ActiveCfg = Release|Win32
		{26A1D87F-AFB7-46E8-BFC4-D01E3B8CB446}.Release|x86.Build.0 = Release|Win32
		{CA83348A-C459-4ABE-912E-698661364723}.Debug|x64.ActiveCfg = Debug|x64
		{CA83348A-C459-4ABE-912E-698661364723}.Debug|x64.Build.0 = Debug|x64
		{CA83348A-C459-4ABE-912E-698661364723}.Debug|x86.ActiveCfg = Debug|Win32
		{CA83348A-C459-4ABE-912E-698661364723}.Debug|x86.Build.0 = Debug|Win32
		{CA83348A-C459-4ABE-912E-698661364723}.Release|x64.ActiveCfg = Release|x64
		{CA83348A-C459-4ABE-912E-698661364723}.Release|x64.Build.0 = Release|x64
		{CA83348A-C459-4ABE-912E-698661364723}.Release|x86.ActiveCfg = Release|Win32
		{CA83348A-C459-4ABE-912E-698661364723}.Release|x86.Build.0 = Release|Win32
		{77E4E705-E6E2-4F6A-8A16-DBC6C5AC6827}.Debug|x64.ActiveCfg = Debug|x64
		{77E4E705-E6E2-4F6A-8A16-DBC6C5AC6827}.Debug|x64.Build.0 = Debug|x64
		{77E4E705-E6E2-4F6A-8A16-DBC6C5AC6827}.Debug|x86.ActiveCfg = Debug|Win32
		{77E4E705-E6E2-4F6A-8A16-DBC6C5AC6827}.Debug|x86.Build.0 = Debug|Win32
		{77E4E705-E6E2-4F6A-8A16-DBC6C5AC6827}.Release|x64.ActiveCfg = Release|x64
		{77E4E705-E6E2-4F6A-8A16-DBC6C5AC6827}.Release|x64.Build.0 = Release|x64
		{77E4E705-E6E2-4F6A-8A16-DBC6C5AC6827}.Release|x86.ActiveCfg = Release|Win32
		{77E4E705-E6E2-4F6A-8A16-DBC6C5AC6827}.Release|x86.Build.0 = Release|Win32
		{5534622F-38E2-4637-AC99-ECB2A3D58785}.Debug|x64.ActiveCfg = Debug|x64
		{5534622F-38E2-4637-AC99-ECB2A3D58785}.Debug|x64.Build.0 = Debug|x64
		{5534622F-38E2-4637-AC99-ECB2A3D58785}.Debug|x86.ActiveCfg = Debug|Win32
		{5534622F-38E2-4637-AC99-ECB2A3D58785}.Debug|x86.Build.0 = Debug|Win32
		{5534622F-38E2-4637-AC99-ECB2A3D58785}.Release|x64.ActiveCfg = Release|x64
		{5534622F-38E2-4637-AC99-ECB2A3D58785}.Release|x64.Build.0 = Release|x64
		{5534622F-38E2-4637-AC99-ECB2A3D58785}.Release|x86.ActiveCfg = Release|Win32
		{5534622F-38E2-4637-AC99-ECB2A3D58785}.Release|x86.Build.0 = Release|Win32
		{13364A02-7FA8-4837-B5A7-36AD3A99E0EF}.Debug|x64.ActiveCfg = Debug|x64
		{13364A02-7FA8-4837-B5A7-36AD3A99E0EF}.Debug|x64.Build.0 = Debug|x64
		{13364A02-7FA8-4837-B5A7-36AD3A99E0EF}.Debug|x86.ActiveCfg = Debug|Win32
		{13364A02-7FA8-4837-B5A7-36AD3A99E0EF}.Debug|x86.Build.0 = Debug|Win32
		{13364A02-7FA8-4837-B5A7-36AD3A99E0EF}.Release|x64.ActiveCfg = Release|x64
		{13364A02-7FA8-4837-B5A7-36AD3A99E0EF}.Release|x64.Build.0 = Release|x64
		{13364A02-7FA8-4837-B5A7-36AD3A99E0EF}.Release|x86.ActiveCfg = Release|Win32
		{13364A02-7FA8-4837-B5A7-36AD3A99E0EF}.Release|x86.Build.0 = Release|Win32
		{53E9ED8E-DD04-4AB1-A604-E3364B3DBBAB}.Debug|x64.ActiveCfg = Debug|x64
		{53E9ED8E-DD04-4AB1-A604-E3364B3DBBAB}.Debug|x64.Build.0 = Debug|x64
		{53E9ED8E-DD04-4AB1-A604-E3364B3DBBAB}.Debug|x86.ActiveCfg = Debug|Win32
		{53E9ED8E-DD04-4AB1-A604-E3364B3DBBAB}.Debug|x86.Build.0 = Debug|Win32
		{53E9ED8E-DD04-4AB1-A604-E3364B3DBBAB}.Release|x64.ActiveCfg = Release|x64
		{53E9ED8E-DD04-4AB1-A604-E3364B3DBBAB}.Release|x64.Build.0 = Release|x64
		{53E9ED8E-DD04-4AB1-A604-E3364B3DBBAB}.Release|x86.ActiveCfg = Release|Win32
		{53E9ED8E-DD04-4AB1-A604-E3364B3DBBAB}.Release|x86.Build.0 = Release|Win32
		{8F4B0E26-706B-4920-A60B-5D91006842FE}.Debug|x64.ActiveCfg = Debug|x64
		{8F4B0E26-706B-4920-A60B-5D91006842FE}.Debug|x64.Build.0 = Debug|x64
		{8F4B0E26-706B-4920-A60B-5D91006842FE}.Debug|x86.ActiveCfg = Debug|Win32
		{8F4B0E26-706B-4920-A60B-5D91006842FE}.Debug|x86.Build.0 = Debug|Win32
		{8F4B0E26-706B-4920-A60B-5D91006842FE}.Release|x64.ActiveCfg = Release|x64
		{8F4B0E26-706B-4920-A60B-5D91006842FE}.Release|x64.Build.0 = Release|x64
		{8F4B0E26-706B-4920-A60B-5D91006842FE}.Release|x86.ActiveCfg = Release|Win32
		{8F4B0E26-706B-4920-A60B-5D91006842FE}.Release|x86.Build.0 = Release|Win32
		{FF02F443-D688-4970-BEF4-B6B8E8AFEF8E}.Debug|x64.ActiveCfg = Debug|x64
		{FF02F443-D688-4970-BEF4-B6B8E8AFEF8E}.Debug|x64.Build.0 = Debug|x64
		{FF02F443-D688-4970-BEF4-B6B8E8AFEF8E}.Debug|x86.ActiveCfg = Debug|Win32
		{FF02F443-D688-4970-BEF4-B6B8E8AFEF8E}.Debug|x86.Build.0 = Debug|Win32
		{FF02F443-D688-4970-BEF4-B6B8E8AFEF8E}.Release|x64.ActiveCfg = Release|x64
		{FF02F443-D688-4970-BEF4-B6B8E8AFEF8E}.Release|x64.Build.0 = Release|x64
		{FF02F443-D688-4970-BEF4-B6B8E8AFEF8E}.Release|x86.ActiveCfg = Release|Win32
		{FF02F443-D688-4970-BEF4-B6B8E8AFEF8E}.Release|x86.Build.0 = Release|Win32
		{308F879A-68C4-4902-9DC6-10FA543CFE1F}.Debug|x64.ActiveCfg = Debug|x64
		{308F879A-68C4-4902-9DC6-10FA543CFE1F}.Debug|x64.Build.0 = Debug|x64
		{308F879A-68C4-4902-9DC6-10FA543CFE1F}.Debug|x86.ActiveCfg = Debug|Win32
		{308F879A-68C4-4902-9DC6-10FA543CFE1F}.Debug|x86.Build.0 = Debug|Win32
		{308F879A-68C4-4902-9DC6-10FA543CFE1F}.Release|x64.ActiveCfg = Release|x64
		{308F879A-68C4-4902-9DC6-10FA543CFE1F}.Release|x64.Build.0 = Release|x64
		{308F879A-68C4-4902-9DC6-10FA543CFE1F}.Release|x86.ActiveCfg = Release|Win32
		{308F879A-68C4-4902-9DC6-10FA543CFE1F}.Release|x86.Build.0 = Release|Win32
		{F8B72A4C-BD29-4FAD-85E8-F8792411057A}.Debug|x64.ActiveCfg = Debug|x64
		{F8B72A4C-BD29-4FAD-85E8-F8792411057A}.Debug|x64.Build.0 = Debug|x64
		{F8B72A4C-BD29-4FAD-85E8-F8792411057A}.Debug|x86.ActiveCfg = Debug|Win32
		{F8B72A4C-BD29-4FAD-85E8-F8792411057A}.Debug|x86.Build.0 = Debug|Win32
		{F8B72A4C-BD29-4FAD-85E8-F8792411057A}.Release|x64.ActiveCfg = Release|x64
		{F8B72A4C-BD29-4FAD-85E8-F8792411057A}.Release|x64.Build.0 = Release|x64
		{F8B72A4C-BD29-4FAD-85E8-F8792411057A}.Release|x86.ActiveCfg = Release|Win32
		{F8B72A4C-BD29-4FAD-85E8-F8792411057A}.Release|x86.Build.0 = Release|Win32
		{58AD200E-5A16-4CF4-89F3-E2CAB7C8F44B}.Debug|x64.ActiveCfg = Debug|x64
		{58AD200E-5A16-4CF4-89F3-E2CAB7C8F44B}.Debug|x64.Build.0 = Debug|x64
		{58AD200E-5A16-4CF4-89F3-E2CAB7C8F44B}.Debug|x86.ActiveCfg = Debug|Win32
		{58AD200E-5A16-4CF4-89F3-E2CAB7C8F44B}.Debug|x86.Build.0 = Debug|Win32
		{58AD200E-5A16-4CF4-89F3-E2CAB7C8F44B}.Release|x64.ActiveCfg = Release|x64
		{58AD200E-5A16-4CF4-89F3-E2CAB7C8F44B}.Release|x64.Build.0 = Release|x64
		{58AD200E-5A16-4CF4-89F3-E2CAB7C8F44B}.Release|x86.ActiveCfg = Release|Win32
		{58AD200E-5A16-4CF4-89F3-E2CAB7C8F44B}.Release|x86.Build.0 = Release|Win32
		{63055153-3CF6-43C9-AA76-FF9B6D808364}.Debug|x64.ActiveCfg = Debug|x64
		{63055153-3CF6-43C9-AA76-FF9B6D808364}.Debug|x64.Build.0 = Debug|x64
		{63055153-3CF6-43C9-AA76-FF9B6D808364}.Debug|x86.ActiveCfg = Debug|Win32
		{63055153-3CF6-43C9-AA76-FF9B6D808364}.Debug|x86.Build.0 = Debug|Win32
		{63055153-3CF6-43C9-AA76-FF9B6D808364}.Release|x64.ActiveCfg = Release|x64
		{63055153-3CF6-43C9-AA76-FF9B6D808364}.Release|x64.Build.0 = Release|x64
		{63055153-3CF6-43C9-AA76-FF9B6D808364}.Release|x86.ActiveCfg = Release|Win32
		{63055153-3CF6-43C9-AA76-FF9B6D808364}.Release|x86.Build.0 = Release|Win32
		{DC90E9C4-4FCB-4514-8945-A026B3474A0C}.Debug|x64.ActiveCfg = Debug|x64
		{DC90E9C4-4FCB-4514-8945-A026B3474A0C}.Debug|x64.Build.0 = Debug|x64
		{DC90E9C4-4FCB-4514-8945-A026B3474A0C}.Debug|x86.ActiveCfg = Debug|Win32
		{DC90E9C4-4FCB-4514-8945-A026B3474A0C}.Debug|x86.Build.0 = Debug|Win32
		{DC90E9C4-4FCB-4514-8945-A026B3474A0C}.Release|x64.ActiveCfg = Release|x64
		{DC90E9C4-4FCB-4514-8945-A026B3474A0C}.Release|x64.Build.0 = Release|x64
		{DC90E9C4-4FCB-4514-8945-A026B3474A0C}.Release|x86.ActiveCfg = Release|Win32
		{DC90E9C4-4FCB-4514-8945-A026B3474A0C}.Release|x86.Build.0 = Release|Win32
		{FDF17D38-0C78-4294-9797-AABBCF591BF2}.Debug|x64.ActiveCfg = Debug|x64
		{FDF17D38-0C78-4294-9797-AABBCF591BF2}.Debug|x64.Build.0 = Debug|x64
		{FDF17D38-0C78-4294-9797-AABBCF591BF2}.Debug|x86.ActiveCfg = Debug|Win32
		{FDF17D38-0C78-4294-9797-AABBCF591BF2}.Debug|x86.Build.0 = Debug|Win32
		{FDF17D38-0C78-4294-9797-AABBCF591BF2}.Release|x64.ActiveCfg = Release|x64
		{FDF17D38-0C78-4294-9797-AABBCF591BF2}.Release|x64.Build.0 = Release|x64
		{FDF17D38-0C78-4294-9797-AABBCF591BF2}.Release|x86.ActiveCfg = Release|Win32
		{FDF17D38-0C78-4294-9797-AABBCF591BF2}.Release|x86.Build.0 = Release|Win32
		{94F8C555-5A5C-4377-9DA3-E3239E6F493B}.Debug|x64.ActiveCfg = Debug|x64
		{94F8C555-5A5C-4377-9DA3-E3239E6F493B}.Debug|x64.Build.0 = Debug|x64
		{94F8C555-5A5C-4377-9DA3-E3239E6F493B}.Debug|x86.ActiveCfg = Debug|Win32
		{94F8C555-5A5C-4377-9DA3-E3239E6F493B}.Debug|x86.Build.0 = Debug|Win32
		{94F8C555-5A5C-4377-9DA3-E3239E6F493B}.Release|x64.ActiveCfg = Release|x64
		{94F8C555-5A5C-4377-9DA3-E3239E6F493B}.Release|x64.Build.0 = Release|x64
		{94F8C555-5A5C-4377-9DA3-E3239E6F493B}.Release|x86.ActiveCfg = Release|Win32
		{94F8C555-5A5C-4377-9DA3-E3239E6F493B}.Release|x86.Build.0 = Release|Win32
		{0A0A3E60-AEBA-4D33-A22C-96A943654DEE}.Debug|x64.ActiveCfg = Debug|x64
		{0A0A3E60-AEBA-4D33-A22C-96A943654DEE}.Debug|x64.Build.0 = Debug|x64
		{0A0A3E60-AEBA-4D33-A22C-96A943654DEE}.Debug|x86.ActiveCfg = Debug|Win32
		{0A0A3E60-AEBA-4D33-A22C-96A943654DEE}.Debug|x86.Build.0 = Debug|Win32
		{0A0A3E60-AEBA-4D33-A22C-96A943654DEE}.Release|x64.ActiveCfg = Release|x64
		{0A0A3E60-AEBA-4D33-A22C-96A943654DEE}.Release|x64.Build.0 = Release|x64
		{0A0A3E60-AEBA-4D33-A22C-96A943654DEE}.Release|x86.ActiveCfg = Release|Win32
		{0A0A3E60-AEBA-4D33-A22C-96A943654DEE}.Release|x86.Build.0 = Release|Win32
		{BC053266-A62E-4F9D-8A2C-35C1D72DDA82}.Debug|x64.ActiveCfg = Debug|x64
		{BC053266-A62E-4F9D-8A2C-35C1D72DDA82}.Debug|x64.Build.0 = Debug|x64
		{BC053266-A62E-4F9D-8A2C-35C1D72DDA82}.Debug|x86.ActiveCfg = Debug|Win32
		{BC053266-A62E-4F9D-8A2C-35C1D72DDA82}.Debug|x86.Build.0 = Debug|Win32
		{BC053266-A62E-4F9D-8A2C-35C1D72DDA82}.Release|x64.ActiveCfg = Release|x64
		{BC053266-A62E-4F9D-8A2C-35C1D72DDA82}.Release|x64.Build.0 = Release|x64
		{BC053266-A62E-4F9D-8A2C-35C1D72DDA82}.Release|x86.ActiveCfg = Release|Win32
		{BC053266-A62E-4F9D-8A2C-35C1D72DDA82}.Release|x86.Build.0 = Release|Win32
		{CBDE482A-AB89-4C2F-AA4D-475CB8E1A8C7}.Debug|x64.ActiveCfg = Debug|x64
		{CBDE482A-AB89-4C2F-AA4D-475CB8E1A8C7}.Debug|x64.Build.0 = Debug|x64
		{CBDE482A-AB89-4C2F-AA4D-475CB8E1A8C7}.Debug|x86.ActiveCfg = Debug|Win32
		{CBDE482A-AB89-4C2F-AA4D-475CB8E1A8C7}.Debug|x86.Build.0 = Debug|Win32
		{CBDE482A-AB89-4C2F-AA4D-475CB8E1A8C7}.Release|x64.ActiveCfg = Release|x64
		{CBDE482A-AB89-4C2F-AA4D-475CB8E1A8C7}.Release|x64.Build.0 = Release|x64
		{CBDE482A-AB89-4C2F-AA4D-475CB8E1A8C7}.Release|x86.ActiveCfg = Release|Win32
		{CBDE482A-AB89-4C2F-AA4D-475CB8E1A8C7}.Release|x86.Build.0 = Release|Win32
		{EA03512E-0E84-4724-803A-09D86A29BC6B}.Debug|x64.ActiveCfg = Debug|x64
		{EA03512E-0E84-4724-803A-09D86A29BC6B}.Debug|x64.Build.0 = Debug|x64
		{EA03512E-0E84-4724-803A-09D86A29BC6B}.Debug|x86.ActiveCfg = Debug|Win32
		{EA03512E-0E84-4724-803A-09D86A29BC6B}.Debug|x86.Build.0 = Debug|Win32
		{EA03512E-0E84-4724-803A-09D86A29BC6B}.Release|x64.ActiveCfg = Release|x64
		{EA03512E-0E84-4724-803A-09D86A29BC6B}.Release|x64.Build.0 = Release|x64
		{EA03512E-0E84-4724-803A-09D86A29BC6B}.Release|x86.ActiveCfg = Release|Win32
		{EA03512E-0E84-4724-803A-09D86A29BC6B}.Release|x86.Build.0 = Release|Win32
		{2F178F46-1F93-47DA-8452-C75A076B971F}.Debug|x64.ActiveCfg = Debug|x64
		{2F178F46-1F93-47DA-8452-C75A076B971F}.Debug|x64.Build.0 = Debug|x64
		{2F178F46-1F93-47DA-8452-C75A076B971F}.Debug|x86.ActiveCfg = Debug|Win32
		{2F178F46-1F93-47DA-8452-C75A076B971F}.Debug|x86.Build.0 = Debug|Win32
		{2F178F46-1F93-47DA-8452-C75A076B971F}.Release|x64.ActiveCfg = Release|x64
		{2F178F46-1F93-47DA-8452-C75A076B971F}.Release|x64.Build.0 = Release|x64
		{2F178F46-1F93-47DA-8452-C75A076B971F}.Release|x86.ActiveCfg = Release|Win32
		{2F178F46-1F93-47DA-8452-C75A076B971F}.Release|x86.Build.0 = Release|Win32
		{1A41DE0B-E9CA-4D2D-A677-6E89C500F0DE}.Debug|x64.ActiveCfg = Debug|x64
		{1A41DE0B-E9CA-4D2D-A677-6E89C500F0DE}.Debug|x64.Build.0 = Debug|x64
		{1A41DE0B-E9CA-4D2D-A677-6E89C500F0DE}.Debug|x86.ActiveCfg = Debug|Win32
		{1A41DE0B-E9CA-4D2D-A677-6E89C500F0DE}.Debug|x86.Build.0 = Debug|Win32
		{1A41DE0B-E9CA-4D2D-A677-6E89C500F0DE}.Release|x64.ActiveCfg = Release|x64
		{1A41DE0B-E9CA-4D2D-A677-6E89C500F0DE}.Release|x64.Build.0 = Release|x64
		{1A41DE0B-E9CA-4D2D-A677-6E89C500F0DE}.Release|x86.ActiveCfg = Release|Win32
		{1A41DE0B-E9CA-4D2D-A677-6E89C500F0DE}.Release|x86.Build.0 = Release|Win32
	EndGlobalSection
	GlobalSection(SolutionProperties) = preSolution
		HideSolutionNode = FALSE
	EndGlobalSection
	GlobalSection(NestedProjects) = preSolution
		{8E832A95-BA8B-4752-B532-FA3E4AA705CA} = {90CB9A59-17D5-4547-A9BD-DA7746EEE4E6}
		{4BCFF302-D03D-44EF-AB1C-FF38CA082238} = {B2F6B559-570F-4D17-B348-7D79EB3F651D}
		{8E8922BE-4000-436E-8BB7-E28336AC8DE7} = {B2F6B559-570F-4D17-B348-7D79EB3F651D}
		{EF3F3A8B-480B-452B-BFD7-1D8507B59AD5} = {B2F6B559-570F-4D17-B348-7D79EB3F651D}
		{F2C28EC1-DD5E-431B-B8A6-0B170DC7E7F1} = {78BF7D5D-DD1F-4BF8-98A1-678ACE4E1D88}
		{86438766-1A29-4AD7-BE6F-F902A1D2FEA8} = {78BF7D5D-DD1F-4BF8-98A1-678ACE4E1D88}
		{26A1D87F-AFB7-46E8-BFC4-D01E3B8CB446} = {78BF7D5D-DD1F-4BF8-98A1-678ACE4E1D88}
		{CA83348A-C459-4ABE-912E-698661364723} = {87832062-C036-422C-8281-F0D6469E2756}
		{77E4E705-E6E2-4F6A-8A16-DBC6C5AC6827} = {07B63188-B532-44E9-A2FC-68812E6F4DD7}
		{5534622F-38E2-4637-AC99-ECB2A3D58785} = {07B63188-B532-44E9-A2FC-68812E6F4DD7}
		{13364A02-7FA8-4837-B5A7-36AD3A99E0EF} = {07B63188-B532-44E9-A2FC-68812E6F4DD7}
		{53E9ED8E-DD04-4AB1-A604-E3364B3DBBAB} = {C2FC4CC6-D60A-4712-8F12-4B592096E9BD}
		{8F4B0E26-706B-4920-A60B-5D91006842FE} = {C2FC4CC6-D60A-4712-8F12-4B592096E9BD}
		{FF02F443-D688-4970-BEF4-B6B8E8AFEF8E} = {C2FC4CC6-D60A-4712-8F12-4B592096E9BD}
		{308F879A-68C4-4902-9DC6-10FA543CFE1F} = {C2FC4CC6-D60A-4712-8F12-4B592096E9BD}
		{F8B72A4C-BD29-4FAD-85E8-F8792411057A} = {E09080BE-EAF4-4D69-87AE-C50C27C59A03}
		{58AD200E-5A16-4CF4-89F3-E2CAB7C8F44B} = {E09080BE-EAF4-4D69-87AE-C50C27C59A03}
		{63055153-3CF6-43C9-AA76-FF9B6D808364} = {A089ACD2-7E8C-4172-95A8-9777AB3DD03B}
		{DC90E9C4-4FCB-4514-8945-A026B3474A0C} = {37029FA1-50B2-46B1-83E7-2699C7A80D9E}
		{FDF17D38-0C78-4294-9797-AABBCF591BF2} = {37029FA1-50B2-46B1-83E7-2699C7A80D9E}
		{94F8C555-5A5C-4377-9DA3-E3239E6F493B} = {37029FA1-50B2-46B1-83E7-2699C7A80D9E}
		{0A0A3E60-AEBA-4D33-A22C-96A943654DEE} = {5496DF55-7B4C-4E34-A592-41BD5D27F3B6}
		{BC053266-A62E-4F9D-8A2C-35C1D72DDA82} = {5496DF55-7B4C-4E34-A592-41BD5D27F3B6}
		{CBDE482A-AB89-4C2F-AA4D-475CB8E1A8C7} = {BDD30A50-FD32-41A2-A410-84D4B900B3E0}
		{EA03512E-0E84-4724-803A-09D86A29BC6B} = {88541C74-D5B0-4BF3-B1C3-574CA86BE3E1}
		{2F178F46-1F93-47DA-8452-C75A076B971F} = {88541C74-D5B0-4BF3-B1C3-574CA86BE3E1}
	EndGlobalSection
	GlobalSection(ExtensibilityGlobals) = postSolution
		SolutionGuid = {FD5BB5DE-D949-4FD9-9C9B-109323F58A6A}
	EndGlobalSection
EndGlobal
